// !$*UTF8*$!
{
	archiveVersion = 1;
	classes = {
	};
	objectVersion = 50;
	objects = {

/* Begin PBXBuildFile section */
		A91E9B8B22737B47006BF695 /* GoogleService-Info.plist in Resources */ = {isa = PBXBuildFile; fileRef = A91E9B8A22737B46006BF695 /* GoogleService-Info.plist */; };
		A958E5A9227200DB0068F19B /* AppDelegate.swift in Sources */ = {isa = PBXBuildFile; fileRef = A958E5A8227200DB0068F19B /* AppDelegate.swift */; };
		A958E5AB227200DB0068F19B /* ChatViewController.swift in Sources */ = {isa = PBXBuildFile; fileRef = A958E5AA227200DB0068F19B /* ChatViewController.swift */; };
		A958E5AE227200DB0068F19B /* Main.storyboard in Resources */ = {isa = PBXBuildFile; fileRef = A958E5AC227200DB0068F19B /* Main.storyboard */; };
		A958E5B0227200E00068F19B /* Assets.xcassets in Resources */ = {isa = PBXBuildFile; fileRef = A958E5AF227200E00068F19B /* Assets.xcassets */; };
		A958E5B3227200E00068F19B /* LaunchScreen.storyboard in Resources */ = {isa = PBXBuildFile; fileRef = A958E5B1227200E00068F19B /* LaunchScreen.storyboard */; };
		A958E5BC2272012C0068F19B /* Whit.swift in Sources */ = {isa = PBXBuildFile; fileRef = A958E5BB2272012C0068F19B /* Whit.swift */; };
		A9D6CD95227310D600795B3D /* WelcomeViewController.swift in Sources */ = {isa = PBXBuildFile; fileRef = A9D6CD94227310D600795B3D /* WelcomeViewController.swift */; };
		A9D6CD972273111500795B3D /* RegisterViewController.swift in Sources */ = {isa = PBXBuildFile; fileRef = A9D6CD962273111500795B3D /* RegisterViewController.swift */; };
		A9D6CD992273112D00795B3D /* LogInViewController.swift in Sources */ = {isa = PBXBuildFile; fileRef = A9D6CD982273112D00795B3D /* LogInViewController.swift */; };
		A9D6CD9C227313A900795B3D /* CustomMessageCell.swift in Sources */ = {isa = PBXBuildFile; fileRef = A9D6CD9A227313A900795B3D /* CustomMessageCell.swift */; };
		A9FB62A9227329A600570197 /* MessageCell.xib in Resources */ = {isa = PBXBuildFile; fileRef = A9FB62A8227329A600570197 /* MessageCell.xib */; };
		B3BE8A57A14FCB8E51916A77 /* Pods_WhitChat.framework in Frameworks */ = {isa = PBXBuildFile; fileRef = CFCD72AF937BDCF5E52E2A12 /* Pods_WhitChat.framework */; };
/* End PBXBuildFile section */

/* Begin PBXFileReference section */
		601146F80E48147A004495F6 /* Pods-WhitChat.release.xcconfig */ = {isa = PBXFileReference; includeInIndex = 1; lastKnownFileType = text.xcconfig; name = "Pods-WhitChat.release.xcconfig"; path = "Target Support Files/Pods-WhitChat/Pods-WhitChat.release.xcconfig"; sourceTree = "<group>"; };
		702EDC27D9D578B6D540B30D /* Pods-WhitChat.debug.xcconfig */ = {isa = PBXFileReference; includeInIndex = 1; lastKnownFileType = text.xcconfig; name = "Pods-WhitChat.debug.xcconfig"; path = "Target Support Files/Pods-WhitChat/Pods-WhitChat.debug.xcconfig"; sourceTree = "<group>"; };
		A91E9B8A22737B46006BF695 /* GoogleService-Info.plist */ = {isa = PBXFileReference; fileEncoding = 4; lastKnownFileType = text.plist.xml; path = "GoogleService-Info.plist"; sourceTree = "<group>"; };
		A958E5A5227200DB0068F19B /* WhitChat.app */ = {isa = PBXFileReference; explicitFileType = wrapper.application; includeInIndex = 0; path = WhitChat.app; sourceTree = BUILT_PRODUCTS_DIR; };
		A958E5A8227200DB0068F19B /* AppDelegate.swift */ = {isa = PBXFileReference; lastKnownFileType = sourcecode.swift; path = AppDelegate.swift; sourceTree = "<group>"; };
		A958E5AA227200DB0068F19B /* ChatViewController.swift */ = {isa = PBXFileReference; lastKnownFileType = sourcecode.swift; path = ChatViewController.swift; sourceTree = "<group>"; };
		A958E5AD227200DB0068F19B /* Base */ = {isa = PBXFileReference; lastKnownFileType = file.storyboard; name = Base; path = Base.lproj/Main.storyboard; sourceTree = "<group>"; };
		A958E5AF227200E00068F19B /* Assets.xcassets */ = {isa = PBXFileReference; lastKnownFileType = folder.assetcatalog; path = Assets.xcassets; sourceTree = "<group>"; };
		A958E5B2227200E00068F19B /* Base */ = {isa = PBXFileReference; lastKnownFileType = file.storyboard; name = Base; path = Base.lproj/LaunchScreen.storyboard; sourceTree = "<group>"; };
		A958E5B4227200E00068F19B /* Info.plist */ = {isa = PBXFileReference; lastKnownFileType = text.plist.xml; path = Info.plist; sourceTree = "<group>"; };
		A958E5BB2272012C0068F19B /* Whit.swift */ = {isa = PBXFileReference; lastKnownFileType = sourcecode.swift; path = Whit.swift; sourceTree = "<group>"; };
		A9D6CD94227310D600795B3D /* WelcomeViewController.swift */ = {isa = PBXFileReference; lastKnownFileType = sourcecode.swift; path = WelcomeViewController.swift; sourceTree = "<group>"; };
		A9D6CD962273111500795B3D /* RegisterViewController.swift */ = {isa = PBXFileReference; lastKnownFileType = sourcecode.swift; path = RegisterViewController.swift; sourceTree = "<group>"; };
		A9D6CD982273112D00795B3D /* LogInViewController.swift */ = {isa = PBXFileReference; lastKnownFileType = sourcecode.swift; path = LogInViewController.swift; sourceTree = "<group>"; };
		A9D6CD9A227313A900795B3D /* CustomMessageCell.swift */ = {isa = PBXFileReference; lastKnownFileType = sourcecode.swift; path = CustomMessageCell.swift; sourceTree = "<group>"; };
		A9FB62A8227329A600570197 /* MessageCell.xib */ = {isa = PBXFileReference; fileEncoding = 4; lastKnownFileType = file.xib; path = MessageCell.xib; sourceTree = "<group>"; };
		CFCD72AF937BDCF5E52E2A12 /* Pods_WhitChat.framework */ = {isa = PBXFileReference; explicitFileType = wrapper.framework; includeInIndex = 0; path = Pods_WhitChat.framework; sourceTree = BUILT_PRODUCTS_DIR; };
/* End PBXFileReference section */

/* Begin PBXFrameworksBuildPhase section */
		A958E5A2227200DB0068F19B /* Frameworks */ = {
			isa = PBXFrameworksBuildPhase;
			buildActionMask = 2147483647;
			files = (
				B3BE8A57A14FCB8E51916A77 /* Pods_WhitChat.framework in Frameworks */,
			);
			runOnlyForDeploymentPostprocessing = 0;
		};
/* End PBXFrameworksBuildPhase section */

/* Begin PBXGroup section */
		0AC6ED26CEA228FDF5E93AC9 /* Frameworks */ = {
			isa = PBXGroup;
			children = (
				CFCD72AF937BDCF5E52E2A12 /* Pods_WhitChat.framework */,
			);
			name = Frameworks;
			sourceTree = "<group>";
		};
		781A1EC52FC8841A42A0D69F /* Pods */ = {
			isa = PBXGroup;
			children = (
				702EDC27D9D578B6D540B30D /* Pods-WhitChat.debug.xcconfig */,
				601146F80E48147A004495F6 /* Pods-WhitChat.release.xcconfig */,
			);
			name = Pods;
			path = Pods;
			sourceTree = "<group>";
		};
		A958E59C227200DB0068F19B = {
			isa = PBXGroup;
			children = (
				A958E5A7227200DB0068F19B /* WhitChat */,
				A958E5A6227200DB0068F19B /* Products */,
				781A1EC52FC8841A42A0D69F /* Pods */,
				0AC6ED26CEA228FDF5E93AC9 /* Frameworks */,
			);
			sourceTree = "<group>";
		};
		A958E5A6227200DB0068F19B /* Products */ = {
			isa = PBXGroup;
			children = (
				A958E5A5227200DB0068F19B /* WhitChat.app */,
			);
			name = Products;
			sourceTree = "<group>";
		};
		A958E5A7227200DB0068F19B /* WhitChat */ = {
			isa = PBXGroup;
			children = (
				A958E5BA227200F90068F19B /* Model */,
				A958E5BD2272052B0068F19B /* View */,
				A958E5BE2272055E0068F19B /* Controller */,
				A958E5AF227200E00068F19B /* Assets.xcassets */,
				A958E5B1227200E00068F19B /* LaunchScreen.storyboard */,
				A958E5B4227200E00068F19B /* Info.plist */,
				A91E9B8A22737B46006BF695 /* GoogleService-Info.plist */,
			);
			path = WhitChat;
			sourceTree = "<group>";
		};
		A958E5BA227200F90068F19B /* Model */ = {
			isa = PBXGroup;
			children = (
				A958E5BB2272012C0068F19B /* Whit.swift */,
			);
			path = Model;
			sourceTree = "<group>";
		};
		A958E5BD2272052B0068F19B /* View */ = {
			isa = PBXGroup;
			children = (
				A958E5AC227200DB0068F19B /* Main.storyboard */,
				A958E5BF227206280068F19B /* Cell */,
			);
			path = View;
			sourceTree = "<group>";
		};
		A958E5BE2272055E0068F19B /* Controller */ = {
			isa = PBXGroup;
			children = (
				A958E5A8227200DB0068F19B /* AppDelegate.swift */,
				A958E5AA227200DB0068F19B /* ChatViewController.swift */,
				A9D6CD982273112D00795B3D /* LogInViewController.swift */,
				A9D6CD962273111500795B3D /* RegisterViewController.swift */,
				A9D6CD94227310D600795B3D /* WelcomeViewController.swift */,
			);
			path = Controller;
			sourceTree = "<group>";
		};
		A958E5BF227206280068F19B /* Cell */ = {
			isa = PBXGroup;
			children = (
				A9D6CD9A227313A900795B3D /* CustomMessageCell.swift */,
				A9FB62A8227329A600570197 /* MessageCell.xib */,
			);
			path = Cell;
			sourceTree = "<group>";
		};
/* End PBXGroup section */

/* Begin PBXNativeTarget section */
		A958E5A4227200DB0068F19B /* WhitChat */ = {
			isa = PBXNativeTarget;
			buildConfigurationList = A958E5B7227200E00068F19B /* Build configuration list for PBXNativeTarget "WhitChat" */;
			buildPhases = (
				0915A443FFB0ADEFE5C99207 /* [CP] Check Pods Manifest.lock */,
				A958E5A1227200DB0068F19B /* Sources */,
				A958E5A2227200DB0068F19B /* Frameworks */,
				A958E5A3227200DB0068F19B /* Resources */,
				FC289F805E469BDC0169E4DB /* [CP] Embed Pods Frameworks */,
			);
			buildRules = (
			);
			dependencies = (
			);
			name = WhitChat;
			productName = WhitChat;
			productReference = A958E5A5227200DB0068F19B /* WhitChat.app */;
			productType = "com.apple.product-type.application";
		};
/* End PBXNativeTarget section */

/* Begin PBXProject section */
		A958E59D227200DB0068F19B /* Project object */ = {
			isa = PBXProject;
			attributes = {
				LastSwiftUpdateCheck = 1010;
				LastUpgradeCheck = 1010;
				ORGANIZATIONNAME = "Milos Jovanovic";
				TargetAttributes = {
					A958E5A4227200DB0068F19B = {
						CreatedOnToolsVersion = 10.1;
					};
				};
			};
			buildConfigurationList = A958E5A0227200DB0068F19B /* Build configuration list for PBXProject "WhitChat" */;
			compatibilityVersion = "Xcode 9.3";
			developmentRegion = en;
			hasScannedForEncodings = 0;
			knownRegions = (
				en,
				Base,
			);
			mainGroup = A958E59C227200DB0068F19B;
			productRefGroup = A958E5A6227200DB0068F19B /* Products */;
			projectDirPath = "";
			projectRoot = "";
			targets = (
				A958E5A4227200DB0068F19B /* WhitChat */,
			);
		};
/* End PBXProject section */

/* Begin PBXResourcesBuildPhase section */
		A958E5A3227200DB0068F19B /* Resources */ = {
			isa = PBXResourcesBuildPhase;
			buildActionMask = 2147483647;
			files = (
				A958E5B3227200E00068F19B /* LaunchScreen.storyboard in Resources */,
				A9FB62A9227329A600570197 /* MessageCell.xib in Resources */,
				A91E9B8B22737B47006BF695 /* GoogleService-Info.plist in Resources */,
				A958E5B0227200E00068F19B /* Assets.xcassets in Resources */,
				A958E5AE227200DB0068F19B /* Main.storyboard in Resources */,
			);
			runOnlyForDeploymentPostprocessing = 0;
		};
/* End PBXResourcesBuildPhase section */

/* Begin PBXShellScriptBuildPhase section */
		0915A443FFB0ADEFE5C99207 /* [CP] Check Pods Manifest.lock */ = {
			isa = PBXShellScriptBuildPhase;
			buildActionMask = 2147483647;
			files = (
			);
			inputFileListPaths = (
			);
			inputPaths = (
				"${PODS_PODFILE_DIR_PATH}/Podfile.lock",
				"${PODS_ROOT}/Manifest.lock",
			);
			name = "[CP] Check Pods Manifest.lock";
			outputFileListPaths = (
			);
			outputPaths = (
				"$(DERIVED_FILE_DIR)/Pods-WhitChat-checkManifestLockResult.txt",
			);
			runOnlyForDeploymentPostprocessing = 0;
			shellPath = /bin/sh;
			shellScript = "diff \"${PODS_PODFILE_DIR_PATH}/Podfile.lock\" \"${PODS_ROOT}/Manifest.lock\" > /dev/null\nif [ $? != 0 ] ; then\n    # print error to STDERR\n    echo \"error: The sandbox is not in sync with the Podfile.lock. Run 'pod install' or update your CocoaPods installation.\" >&2\n    exit 1\nfi\n# This output is used by Xcode 'outputs' to avoid re-running this script phase.\necho \"SUCCESS\" > \"${SCRIPT_OUTPUT_FILE_0}\"\n";
			showEnvVarsInLog = 0;
		};
		FC289F805E469BDC0169E4DB /* [CP] Embed Pods Frameworks */ = {
			isa = PBXShellScriptBuildPhase;
			buildActionMask = 2147483647;
			files = (
			);
			inputFileListPaths = (
			);
			inputPaths = (
				"${PODS_ROOT}/Target Support Files/Pods-WhitChat/Pods-WhitChat-frameworks.sh",
				"${BUILT_PRODUCTS_DIR}/ChameleonFramework/ChameleonFramework.framework",
				"${BUILT_PRODUCTS_DIR}/GTMSessionFetcher/GTMSessionFetcher.framework",
				"${BUILT_PRODUCTS_DIR}/GoogleUtilities/GoogleUtilities.framework",
				"${BUILT_PRODUCTS_DIR}/SVProgressHUD/SVProgressHUD.framework",
				"${BUILT_PRODUCTS_DIR}/leveldb-library/leveldb.framework",
				"${BUILT_PRODUCTS_DIR}/nanopb/nanopb.framework",
			);
			name = "[CP] Embed Pods Frameworks";
			outputFileListPaths = (
			);
			outputPaths = (
				"${TARGET_BUILD_DIR}/${FRAMEWORKS_FOLDER_PATH}/ChameleonFramework.framework",
				"${TARGET_BUILD_DIR}/${FRAMEWORKS_FOLDER_PATH}/GTMSessionFetcher.framework",
				"${TARGET_BUILD_DIR}/${FRAMEWORKS_FOLDER_PATH}/GoogleUtilities.framework",
				"${TARGET_BUILD_DIR}/${FRAMEWORKS_FOLDER_PATH}/SVProgressHUD.framework",
				"${TARGET_BUILD_DIR}/${FRAMEWORKS_FOLDER_PATH}/leveldb.framework",
				"${TARGET_BUILD_DIR}/${FRAMEWORKS_FOLDER_PATH}/nanopb.framework",
			);
			runOnlyForDeploymentPostprocessing = 0;
			shellPath = /bin/sh;
			shellScript = "\"${PODS_ROOT}/Target Support Files/Pods-WhitChat/Pods-WhitChat-frameworks.sh\"\n";
			showEnvVarsInLog = 0;
		};
/* End PBXShellScriptBuildPhase section */

/* Begin PBXSourcesBuildPhase section */
		A958E5A1227200DB0068F19B /* Sources */ = {
			isa = PBXSourcesBuildPhase;
			buildActionMask = 2147483647;
			files = (
				A9D6CD9C227313A900795B3D /* CustomMessageCell.swift in Sources */,
				A958E5BC2272012C0068F19B /* Whit.swift in Sources */,
				A9D6CD972273111500795B3D /* RegisterViewController.swift in Sources */,
				A9D6CD992273112D00795B3D /* LogInViewController.swift in Sources */,
				A9D6CD95227310D600795B3D /* WelcomeViewController.swift in Sources */,
				A958E5AB227200DB0068F19B /* ChatViewController.swift in Sources */,
				A958E5A9227200DB0068F19B /* AppDelegate.swift in Sources */,
			);
			runOnlyForDeploymentPostprocessing = 0;
		};
/* End PBXSourcesBuildPhase section */

/* Begin PBXVariantGroup section */
		A958E5AC227200DB0068F19B /* Main.storyboard */ = {
			isa = PBXVariantGroup;
			children = (
				A958E5AD227200DB0068F19B /* Base */,
			);
			name = Main.storyboard;
			sourceTree = "<group>";
		};
		A958E5B1227200E00068F19B /* LaunchScreen.storyboard */ = {
			isa = PBXVariantGroup;
			children = (
				A958E5B2227200E00068F19B /* Base */,
			);
			name = LaunchScreen.storyboard;
			sourceTree = "<group>";
		};
/* End PBXVariantGroup section */

/* Begin XCBuildConfiguration section */
		A958E5B5227200E00068F19B /* Debug */ = {
			isa = XCBuildConfiguration;
			buildSettings = {
				ALWAYS_SEARCH_USER_PATHS = NO;
				CLANG_ANALYZER_NONNULL = YES;
				CLANG_ANALYZER_NUMBER_OBJECT_CONVERSION = YES_AGGRESSIVE;
				CLANG_CXX_LANGUAGE_STANDARD = "gnu++14";
				CLANG_CXX_LIBRARY = "libc++";
				CLANG_ENABLE_MODULES = YES;
				CLANG_ENABLE_OBJC_ARC = YES;
				CLANG_ENABLE_OBJC_WEAK = YES;
				CLANG_WARN_BLOCK_CAPTURE_AUTORELEASING = YES;
				CLANG_WARN_BOOL_CONVERSION = YES;
				CLANG_WARN_COMMA = YES;
				CLANG_WARN_CONSTANT_CONVERSION = YES;
				CLANG_WARN_DEPRECATED_OBJC_IMPLEMENTATIONS = YES;
				CLANG_WARN_DIRECT_OBJC_ISA_USAGE = YES_ERROR;
				CLANG_WARN_DOCUMENTATION_COMMENTS = YES;
				CLANG_WARN_EMPTY_BODY = YES;
				CLANG_WARN_ENUM_CONVERSION = YES;
				CLANG_WARN_INFINITE_RECURSION = YES;
				CLANG_WARN_INT_CONVERSION = YES;
				CLANG_WARN_NON_LITERAL_NULL_CONVERSION = YES;
				CLANG_WARN_OBJC_IMPLICIT_RETAIN_SELF = YES;
				CLANG_WARN_OBJC_LITERAL_CONVERSION = YES;
				CLANG_WARN_OBJC_ROOT_CLASS = YES_ERROR;
				CLANG_WARN_RANGE_LOOP_ANALYSIS = YES;
				CLANG_WARN_STRICT_PROTOTYPES = YES;
				CLANG_WARN_SUSPICIOUS_MOVE = YES;
				CLANG_WARN_UNGUARDED_AVAILABILITY = YES_AGGRESSIVE;
				CLANG_WARN_UNREACHABLE_CODE = YES;
				CLANG_WARN__DUPLICATE_METHOD_MATCH = YES;
				CODE_SIGN_IDENTITY = "iPhone Developer";
				COPY_PHASE_STRIP = NO;
				DEBUG_INFORMATION_FORMAT = dwarf;
				ENABLE_STRICT_OBJC_MSGSEND = YES;
				ENABLE_TESTABILITY = YES;
				GCC_C_LANGUAGE_STANDARD = gnu11;
				GCC_DYNAMIC_NO_PIC = NO;
				GCC_NO_COMMON_BLOCKS = YES;
				GCC_OPTIMIZATION_LEVEL = 0;
				GCC_PREPROCESSOR_DEFINITIONS = (
					"DEBUG=1",
					"$(inherited)",
				);
				GCC_WARN_64_TO_32_BIT_CONVERSION = YES;
				GCC_WARN_ABOUT_RETURN_TYPE = YES_ERROR;
				GCC_WARN_UNDECLARED_SELECTOR = YES;
				GCC_WARN_UNINITIALIZED_AUTOS = YES_AGGRESSIVE;
				GCC_WARN_UNUSED_FUNCTION = YES;
				GCC_WARN_UNUSED_VARIABLE = YES;
				IPHONEOS_DEPLOYMENT_TARGET = 12.1;
				MTL_ENABLE_DEBUG_INFO = INCLUDE_SOURCE;
				MTL_FAST_MATH = YES;
				ONLY_ACTIVE_ARCH = YES;
				SDKROOT = iphoneos;
				SWIFT_ACTIVE_COMPILATION_CONDITIONS = DEBUG;
				SWIFT_OPTIMIZATION_LEVEL = "-Onone";
			};
			name = Debug;
		};
		A958E5B6227200E00068F19B /* Release */ = {
			isa = XCBuildConfiguration;
			buildSettings = {
				ALWAYS_SEARCH_USER_PATHS = NO;
				CLANG_ANALYZER_NONNULL = YES;
				CLANG_ANALYZER_NUMBER_OBJECT_CONVERSION = YES_AGGRESSIVE;
				CLANG_CXX_LANGUAGE_STANDARD = "gnu++14";
				CLANG_CXX_LIBRARY = "libc++";
				CLANG_ENABLE_MODULES = YES;
				CLANG_ENABLE_OBJC_ARC = YES;
				CLANG_ENABLE_OBJC_WEAK = YES;
				CLANG_WARN_BLOCK_CAPTURE_AUTORELEASING = YES;
				CLANG_WARN_BOOL_CONVERSION = YES;
				CLANG_WARN_COMMA = YES;
				CLANG_WARN_CONSTANT_CONVERSION = YES;
				CLANG_WARN_DEPRECATED_OBJC_IMPLEMENTATIONS = YES;
				CLANG_WARN_DIRECT_OBJC_ISA_USAGE = YES_ERROR;
				CLANG_WARN_DOCUMENTATION_COMMENTS = YES;
				CLANG_WARN_EMPTY_BODY = YES;
				CLANG_WARN_ENUM_CONVERSION = YES;
				CLANG_WARN_INFINITE_RECURSION = YES;
				CLANG_WARN_INT_CONVERSION = YES;
				CLANG_WARN_NON_LITERAL_NULL_CONVERSION = YES;
				CLANG_WARN_OBJC_IMPLICIT_RETAIN_SELF = YES;
				CLANG_WARN_OBJC_LITERAL_CONVERSION = YES;
				CLANG_WARN_OBJC_ROOT_CLASS = YES_ERROR;
				CLANG_WARN_RANGE_LOOP_ANALYSIS = YES;
				CLANG_WARN_STRICT_PROTOTYPES = YES;
				CLANG_WARN_SUSPICIOUS_MOVE = YES;
				CLANG_WARN_UNGUARDED_AVAILABILITY = YES_AGGRESSIVE;
				CLANG_WARN_UNREACHABLE_CODE = YES;
				CLANG_WARN__DUPLICATE_METHOD_MATCH = YES;
				CODE_SIGN_IDENTITY = "iPhone Developer";
				COPY_PHASE_STRIP = NO;
				DEBUG_INFORMATION_FORMAT = "dwarf-with-dsym";
				ENABLE_NS_ASSERTIONS = NO;
				ENABLE_STRICT_OBJC_MSGSEND = YES;
				GCC_C_LANGUAGE_STANDARD = gnu11;
				GCC_NO_COMMON_BLOCKS = YES;
				GCC_WARN_64_TO_32_BIT_CONVERSION = YES;
				GCC_WARN_ABOUT_RETURN_TYPE = YES_ERROR;
				GCC_WARN_UNDECLARED_SELECTOR = YES;
				GCC_WARN_UNINITIALIZED_AUTOS = YES_AGGRESSIVE;
				GCC_WARN_UNUSED_FUNCTION = YES;
				GCC_WARN_UNUSED_VARIABLE = YES;
				IPHONEOS_DEPLOYMENT_TARGET = 12.1;
				MTL_ENABLE_DEBUG_INFO = NO;
				MTL_FAST_MATH = YES;
				SDKROOT = iphoneos;
				SWIFT_COMPILATION_MODE = wholemodule;
				SWIFT_OPTIMIZATION_LEVEL = "-O";
				VALIDATE_PRODUCT = YES;
			};
			name = Release;
		};
		A958E5B8227200E00068F19B /* Debug */ = {
			isa = XCBuildConfiguration;
			baseConfigurationReference = 702EDC27D9D578B6D540B30D /* Pods-WhitChat.debug.xcconfig */;
			buildSettings = {
				ASSETCATALOG_COMPILER_APPICON_NAME = AppIcon;
				CODE_SIGN_STYLE = Automatic;
				INFOPLIST_FILE = WhitChat/Info.plist;
				LD_RUNPATH_SEARCH_PATHS = (
					"$(inherited)",
					"@executable_path/Frameworks",
				);
				PRODUCT_BUNDLE_IDENTIFIER = com.milosjovanovic.WhitChat;
				PRODUCT_NAME = "$(TARGET_NAME)";
				SWIFT_VERSION = 4.2;
				TARGETED_DEVICE_FAMILY = 1;
			};
			name = Debug;
		};
		A958E5B9227200E00068F19B /* Release */ = {
			isa = XCBuildConfiguration;
			baseConfigurationReference = 601146F80E48147A004495F6 /* Pods-WhitChat.release.xcconfig */;
			buildSettings = {
				ASSETCATALOG_COMPILER_APPICON_NAME = AppIcon;
				CODE_SIGN_STYLE = Automatic;
				INFOPLIST_FILE = WhitChat/Info.plist;
				LD_RUNPATH_SEARCH_PATHS = (
					"$(inherited)",
					"@executable_path/Frameworks",
				);
				PRODUCT_BUNDLE_IDENTIFIER = com.milosjovanovic.WhitChat;
				PRODUCT_NAME = "$(TARGET_NAME)";
				SWIFT_VERSION = 4.2;
				TARGETED_DEVICE_FAMILY = 1;
			};
			name = Release;
		};
/* End XCBuildConfiguration section */

/* Begin XCConfigurationList section */
		A958E5A0227200DB0068F19B /* Build configuration list for PBXProject "WhitChat" */ = {
			isa = XCConfigurationList;
			buildConfigurations = (
				A958E5B5227200E00068F19B /* Debug */,
				A958E5B6227200E00068F19B /* Release */,
			);
			defaultConfigurationIsVisible = 0;
			defaultConfigurationName = Release;
		};
		A958E5B7227200E00068F19B /* Build configuration list for PBXNativeTarget "WhitChat" */ = {
			isa = XCConfigurationList;
			buildConfigurations = (
				A958E5B8227200E00068F19B /* Debug */,
				A958E5B9227200E00068F19B /* Release */,
			);
			defaultConfigurationIsVisible = 0;
			defaultConfigurationName = Release;
		};
/* End XCConfigurationList section */
	};
	rootObject = A958E59D227200DB0068F19B /* Project object */;
}
